{
    "version": 3,
    "terraform_version": "0.11.8",
    "serial": 13,
    "lineage": "76e4bc3c-a371-f8b7-465b-9ba57f624919",
    "modules": [
        {
            "path": [
                "root"
            ],
            "outputs": {
                "my_public_ip": {
                    "sensitive": false,
                    "type": "string",
                    "value": "144.22.64.253"
                },
                "my_public_name": {
                    "sensitive": false,
                    "type": "string",
                    "value": "559700ab-4d7e-4e22-9bdb-7d66e520c8ae"
                }
            },
            "resources": {
                "opc_compute_ip_reservation.production": {
                    "type": "opc_compute_ip_reservation",
                    "depends_on": [],
                    "primary": {
                        "id": "559700ab-4d7e-4e22-9bdb-7d66e520c8ae",
                        "attributes": {
                            "id": "559700ab-4d7e-4e22-9bdb-7d66e520c8ae",
                            "ip": "144.22.64.253",
                            "name": "559700ab-4d7e-4e22-9bdb-7d66e520c8ae",
                            "parent_pool": "/oracle/public/ippool",
                            "permanent": "true",
                            "tags.#": "0",
                            "used": "false"
                        },
                        "meta": {},
                        "tainted": false
                    },
                    "deposed": [],
                    "provider": "provider.opc"
                }
            },
            "depends_on": []
        }
    ]
}
